// !$*UTF8*$!
{
	archiveVersion = 1;
	classes = {
	};
	objectVersion = 56;
	objects = {

/* Begin PBXBuildFile section */
		31272AAB2A2599C400D47DF2 /* AppDelegate.swift in Sources */ = {isa = PBXBuildFile; fileRef = 31272AAA2A2599C400D47DF2 /* AppDelegate.swift */; };
		31272AAD2A2599C400D47DF2 /* SceneDelegate.swift in Sources */ = {isa = PBXBuildFile; fileRef = 31272AAC2A2599C400D47DF2 /* SceneDelegate.swift */; };
		31272AAF2A2599C400D47DF2 /* ViewController.swift in Sources */ = {isa = PBXBuildFile; fileRef = 31272AAE2A2599C400D47DF2 /* ViewController.swift */; };
		31272AB22A2599C400D47DF2 /* Main.storyboard in Resources */ = {isa = PBXBuildFile; fileRef = 31272AB02A2599C400D47DF2 /* Main.storyboard */; };
		31272AB42A2599C600D47DF2 /* Assets.xcassets in Resources */ = {isa = PBXBuildFile; fileRef = 31272AB32A2599C600D47DF2 /* Assets.xcassets */; };
		31272AB72A2599C600D47DF2 /* LaunchScreen.storyboard in Resources */ = {isa = PBXBuildFile; fileRef = 31272AB52A2599C600D47DF2 /* LaunchScreen.storyboard */; };
		31272AC22A259E0000D47DF2 /* WelcomeViewCotroller.swift in Sources */ = {isa = PBXBuildFile; fileRef = 31272AC12A259E0000D47DF2 /* WelcomeViewCotroller.swift */; };
		31272ACC2A259F6B00D47DF2 /* Chivo-BoldItalic.ttf in Resources */ = {isa = PBXBuildFile; fileRef = 31272AC32A259F6A00D47DF2 /* Chivo-BoldItalic.ttf */; };
		31272ACD2A259F6B00D47DF2 /* Chivo-Bold.ttf in Resources */ = {isa = PBXBuildFile; fileRef = 31272AC42A259F6B00D47DF2 /* Chivo-Bold.ttf */; };
		31272ACE2A259F6B00D47DF2 /* Chivo-Black.ttf in Resources */ = {isa = PBXBuildFile; fileRef = 31272AC52A259F6B00D47DF2 /* Chivo-Black.ttf */; };
		31272ACF2A259F6B00D47DF2 /* Chivo-Italic.ttf in Resources */ = {isa = PBXBuildFile; fileRef = 31272AC62A259F6B00D47DF2 /* Chivo-Italic.ttf */; };
		31272AD02A259F6B00D47DF2 /* OFL.txt in Resources */ = {isa = PBXBuildFile; fileRef = 31272AC72A259F6B00D47DF2 /* OFL.txt */; };
		31272AD12A259F6B00D47DF2 /* Chivo-LightItalic.ttf in Resources */ = {isa = PBXBuildFile; fileRef = 31272AC82A259F6B00D47DF2 /* Chivo-LightItalic.ttf */; };
		31272AD22A259F6B00D47DF2 /* Chivo-Light.ttf in Resources */ = {isa = PBXBuildFile; fileRef = 31272AC92A259F6B00D47DF2 /* Chivo-Light.ttf */; };
		31272AD32A259F6B00D47DF2 /* Chivo-BlackItalic.ttf in Resources */ = {isa = PBXBuildFile; fileRef = 31272ACA2A259F6B00D47DF2 /* Chivo-BlackItalic.ttf */; };
		31272AD42A259F6B00D47DF2 /* Chivo-Regular.ttf in Resources */ = {isa = PBXBuildFile; fileRef = 31272ACB2A259F6B00D47DF2 /* Chivo-Regular.ttf */; };
		31272AD72A25B07B00D47DF2 /* FormViewCotroller.swift in Sources */ = {isa = PBXBuildFile; fileRef = 31272AD62A25B07B00D47DF2 /* FormViewCotroller.swift */; };
		31272AFA2A25CA0900D47DF2 /* WelcomeModule.swift in Sources */ = {isa = PBXBuildFile; fileRef = 31272AF92A25CA0900D47DF2 /* WelcomeModule.swift */; };
		31272AFC2A25CB3B00D47DF2 /* WelcomeViewModel.swift in Sources */ = {isa = PBXBuildFile; fileRef = 31272AFB2A25CB3B00D47DF2 /* WelcomeViewModel.swift */; };
		31272AFE2A25CC4A00D47DF2 /* FormModule.swift in Sources */ = {isa = PBXBuildFile; fileRef = 31272AFD2A25CC4A00D47DF2 /* FormModule.swift */; };
		31272B032A25DCDF00D47DF2 /* FormViewModel.swift in Sources */ = {isa = PBXBuildFile; fileRef = 31272B022A25DCDF00D47DF2 /* FormViewModel.swift */; };
		31272B052A25DD1200D47DF2 /* FormData.swift in Sources */ = {isa = PBXBuildFile; fileRef = 31272B042A25DD1200D47DF2 /* FormData.swift */; };
		31272B602A2678E000D47DF2 /* UIViewController.swift in Sources */ = {isa = PBXBuildFile; fileRef = 31272B5F2A2678E000D47DF2 /* UIViewController.swift */; };
		31272B632A267D9700D47DF2 /* CryptoSwift in Frameworks */ = {isa = PBXBuildFile; productRef = 31272B622A267D9700D47DF2 /* CryptoSwift */; };
/* End PBXBuildFile section */

/* Begin PBXFileReference section */
		31272AA72A2599C400D47DF2 /* StateDataManagemet.app */ = {isa = PBXFileReference; explicitFileType = wrapper.application; includeInIndex = 0; path = StateDataManagemet.app; sourceTree = BUILT_PRODUCTS_DIR; };
		31272AAA2A2599C400D47DF2 /* AppDelegate.swift */ = {isa = PBXFileReference; lastKnownFileType = sourcecode.swift; path = AppDelegate.swift; sourceTree = "<group>"; };
		31272AAC2A2599C400D47DF2 /* SceneDelegate.swift */ = {isa = PBXFileReference; lastKnownFileType = sourcecode.swift; path = SceneDelegate.swift; sourceTree = "<group>"; };
		31272AAE2A2599C400D47DF2 /* ViewController.swift */ = {isa = PBXFileReference; lastKnownFileType = sourcecode.swift; path = ViewController.swift; sourceTree = "<group>"; };
		31272AB12A2599C400D47DF2 /* Base */ = {isa = PBXFileReference; lastKnownFileType = file.storyboard; name = Base; path = Base.lproj/Main.storyboard; sourceTree = "<group>"; };
		31272AB32A2599C600D47DF2 /* Assets.xcassets */ = {isa = PBXFileReference; lastKnownFileType = folder.assetcatalog; path = Assets.xcassets; sourceTree = "<group>"; };
		31272AB62A2599C600D47DF2 /* Base */ = {isa = PBXFileReference; lastKnownFileType = file.storyboard; name = Base; path = Base.lproj/LaunchScreen.storyboard; sourceTree = "<group>"; };
		31272AB82A2599C600D47DF2 /* Info.plist */ = {isa = PBXFileReference; lastKnownFileType = text.plist.xml; path = Info.plist; sourceTree = "<group>"; };
		31272AC12A259E0000D47DF2 /* WelcomeViewCotroller.swift */ = {isa = PBXFileReference; lastKnownFileType = sourcecode.swift; path = WelcomeViewCotroller.swift; sourceTree = "<group>"; };
		31272AC32A259F6A00D47DF2 /* Chivo-BoldItalic.ttf */ = {isa = PBXFileReference; lastKnownFileType = file; path = "Chivo-BoldItalic.ttf"; sourceTree = "<group>"; };
		31272AC42A259F6B00D47DF2 /* Chivo-Bold.ttf */ = {isa = PBXFileReference; lastKnownFileType = file; path = "Chivo-Bold.ttf"; sourceTree = "<group>"; };
		31272AC52A259F6B00D47DF2 /* Chivo-Black.ttf */ = {isa = PBXFileReference; lastKnownFileType = file; path = "Chivo-Black.ttf"; sourceTree = "<group>"; };
		31272AC62A259F6B00D47DF2 /* Chivo-Italic.ttf */ = {isa = PBXFileReference; lastKnownFileType = file; path = "Chivo-Italic.ttf"; sourceTree = "<group>"; };
		31272AC72A259F6B00D47DF2 /* OFL.txt */ = {isa = PBXFileReference; fileEncoding = 4; lastKnownFileType = text; path = OFL.txt; sourceTree = "<group>"; };
		31272AC82A259F6B00D47DF2 /* Chivo-LightItalic.ttf */ = {isa = PBXFileReference; lastKnownFileType = file; path = "Chivo-LightItalic.ttf"; sourceTree = "<group>"; };
		31272AC92A259F6B00D47DF2 /* Chivo-Light.ttf */ = {isa = PBXFileReference; lastKnownFileType = file; path = "Chivo-Light.ttf"; sourceTree = "<group>"; };
		31272ACA2A259F6B00D47DF2 /* Chivo-BlackItalic.ttf */ = {isa = PBXFileReference; lastKnownFileType = file; path = "Chivo-BlackItalic.ttf"; sourceTree = "<group>"; };
		31272ACB2A259F6B00D47DF2 /* Chivo-Regular.ttf */ = {isa = PBXFileReference; lastKnownFileType = file; path = "Chivo-Regular.ttf"; sourceTree = "<group>"; };
		31272AD62A25B07B00D47DF2 /* FormViewCotroller.swift */ = {isa = PBXFileReference; lastKnownFileType = sourcecode.swift; path = FormViewCotroller.swift; sourceTree = "<group>"; };
		31272AF92A25CA0900D47DF2 /* WelcomeModule.swift */ = {isa = PBXFileReference; lastKnownFileType = sourcecode.swift; path = WelcomeModule.swift; sourceTree = "<group>"; };
		31272AFB2A25CB3B00D47DF2 /* WelcomeViewModel.swift */ = {isa = PBXFileReference; lastKnownFileType = sourcecode.swift; path = WelcomeViewModel.swift; sourceTree = "<group>"; };
		31272AFD2A25CC4A00D47DF2 /* FormModule.swift */ = {isa = PBXFileReference; lastKnownFileType = sourcecode.swift; path = FormModule.swift; sourceTree = "<group>"; };
		31272B022A25DCDF00D47DF2 /* FormViewModel.swift */ = {isa = PBXFileReference; lastKnownFileType = sourcecode.swift; path = FormViewModel.swift; sourceTree = "<group>"; };
		31272B042A25DD1200D47DF2 /* FormData.swift */ = {isa = PBXFileReference; lastKnownFileType = sourcecode.swift; path = FormData.swift; sourceTree = "<group>"; };
		31272B5F2A2678E000D47DF2 /* UIViewController.swift */ = {isa = PBXFileReference; lastKnownFileType = sourcecode.swift; path = UIViewController.swift; sourceTree = "<group>"; };
/* End PBXFileReference section */

/* Begin PBXFrameworksBuildPhase section */
		31272AA42A2599C400D47DF2 /* Frameworks */ = {
			isa = PBXFrameworksBuildPhase;
			buildActionMask = 2147483647;
			files = (
				31272B632A267D9700D47DF2 /* CryptoSwift in Frameworks */,
			);
			runOnlyForDeploymentPostprocessing = 0;
		};
/* End PBXFrameworksBuildPhase section */

/* Begin PBXGroup section */
		31272A9E2A2599C400D47DF2 = {
			isa = PBXGroup;
			children = (
				31272AA92A2599C400D47DF2 /* StateDataManagemet */,
				31272AA82A2599C400D47DF2 /* Products */,
			);
			sourceTree = "<group>";
		};
		31272AA82A2599C400D47DF2 /* Products */ = {
			isa = PBXGroup;
			children = (
				31272AA72A2599C400D47DF2 /* StateDataManagemet.app */,
			);
			name = Products;
			sourceTree = "<group>";
		};
		31272AA92A2599C400D47DF2 /* StateDataManagemet */ = {
			isa = PBXGroup;
			children = (
				31272B5E2A2678CE00D47DF2 /* Extension */,
				31272AF82A25C9F300D47DF2 /* Modules */,
				31272AD52A259F7400D47DF2 /* Fonts */,
				31272AC02A259DDB00D47DF2 /* ViewCotrollers */,
				31272ABF2A259DCE00D47DF2 /* ViewModel */,
				31272ABE2A259DB800D47DF2 /* Models */,
				31272AAA2A2599C400D47DF2 /* AppDelegate.swift */,
				31272AAC2A2599C400D47DF2 /* SceneDelegate.swift */,
				31272AAE2A2599C400D47DF2 /* ViewController.swift */,
				31272AB02A2599C400D47DF2 /* Main.storyboard */,
				31272AB32A2599C600D47DF2 /* Assets.xcassets */,
				31272AB52A2599C600D47DF2 /* LaunchScreen.storyboard */,
				31272AB82A2599C600D47DF2 /* Info.plist */,
			);
			path = StateDataManagemet;
			sourceTree = "<group>";
		};
		31272ABE2A259DB800D47DF2 /* Models */ = {
			isa = PBXGroup;
			children = (
				31272B042A25DD1200D47DF2 /* FormData.swift */,
			);
			path = Models;
			sourceTree = "<group>";
		};
		31272ABF2A259DCE00D47DF2 /* ViewModel */ = {
			isa = PBXGroup;
			children = (
				31272AFB2A25CB3B00D47DF2 /* WelcomeViewModel.swift */,
				31272B022A25DCDF00D47DF2 /* FormViewModel.swift */,
			);
			path = ViewModel;
			sourceTree = "<group>";
		};
		31272AC02A259DDB00D47DF2 /* ViewCotrollers */ = {
			isa = PBXGroup;
			children = (
				31272AC12A259E0000D47DF2 /* WelcomeViewCotroller.swift */,
				31272AD62A25B07B00D47DF2 /* FormViewCotroller.swift */,
			);
			path = ViewCotrollers;
			sourceTree = "<group>";
		};
		31272AD52A259F7400D47DF2 /* Fonts */ = {
			isa = PBXGroup;
			children = (
				31272AC52A259F6B00D47DF2 /* Chivo-Black.ttf */,
				31272ACA2A259F6B00D47DF2 /* Chivo-BlackItalic.ttf */,
				31272AC42A259F6B00D47DF2 /* Chivo-Bold.ttf */,
				31272AC32A259F6A00D47DF2 /* Chivo-BoldItalic.ttf */,
				31272AC62A259F6B00D47DF2 /* Chivo-Italic.ttf */,
				31272AC92A259F6B00D47DF2 /* Chivo-Light.ttf */,
				31272AC82A259F6B00D47DF2 /* Chivo-LightItalic.ttf */,
				31272ACB2A259F6B00D47DF2 /* Chivo-Regular.ttf */,
				31272AC72A259F6B00D47DF2 /* OFL.txt */,
			);
			path = Fonts;
			sourceTree = "<group>";
		};
		31272AF82A25C9F300D47DF2 /* Modules */ = {
			isa = PBXGroup;
			children = (
				31272AF92A25CA0900D47DF2 /* WelcomeModule.swift */,
				31272AFD2A25CC4A00D47DF2 /* FormModule.swift */,
			);
			path = Modules;
			sourceTree = "<group>";
		};
		31272B5E2A2678CE00D47DF2 /* Extension */ = {
			isa = PBXGroup;
			children = (
				31272B5F2A2678E000D47DF2 /* UIViewController.swift */,
			);
			path = Extension;
			sourceTree = "<group>";
		};
/* End PBXGroup section */

/* Begin PBXNativeTarget section */
		31272AA62A2599C400D47DF2 /* StateDataManagemet */ = {
			isa = PBXNativeTarget;
			buildConfigurationList = 31272ABB2A2599C600D47DF2 /* Build configuration list for PBXNativeTarget "StateDataManagemet" */;
			buildPhases = (
				31272AA32A2599C400D47DF2 /* Sources */,
				31272AA42A2599C400D47DF2 /* Frameworks */,
				31272AA52A2599C400D47DF2 /* Resources */,
			);
			buildRules = (
			);
			dependencies = (
			);
			name = StateDataManagemet;
			packageProductDependencies = (
				31272B622A267D9700D47DF2 /* CryptoSwift */,
			);
			productName = StateDataManagemet;
			productReference = 31272AA72A2599C400D47DF2 /* StateDataManagemet.app */;
			productType = "com.apple.product-type.application";
		};
/* End PBXNativeTarget section */

/* Begin PBXProject section */
		31272A9F2A2599C400D47DF2 /* Project object */ = {
			isa = PBXProject;
			attributes = {
				BuildIndependentTargetsInParallel = 1;
				LastSwiftUpdateCheck = 1410;
				LastUpgradeCheck = 1410;
				TargetAttributes = {
					31272AA62A2599C400D47DF2 = {
						CreatedOnToolsVersion = 14.1;
					};
				};
			};
			buildConfigurationList = 31272AA22A2599C400D47DF2 /* Build configuration list for PBXProject "StateDataManagemet" */;
			compatibilityVersion = "Xcode 14.0";
			developmentRegion = en;
			hasScannedForEncodings = 0;
			knownRegions = (
				en,
				Base,
			);
			mainGroup = 31272A9E2A2599C400D47DF2;
			packageReferences = (
				31272B612A267D9700D47DF2 /* XCRemoteSwiftPackageReference "CryptoSwift" */,
			);
			productRefGroup = 31272AA82A2599C400D47DF2 /* Products */;
			projectDirPath = "";
			projectRoot = "";
			targets = (
				31272AA62A2599C400D47DF2 /* StateDataManagemet */,
			);
		};
/* End PBXProject section */

/* Begin PBXResourcesBuildPhase section */
		31272AA52A2599C400D47DF2 /* Resources */ = {
			isa = PBXResourcesBuildPhase;
			buildActionMask = 2147483647;
			files = (
				31272AD12A259F6B00D47DF2 /* Chivo-LightItalic.ttf in Resources */,
				31272AB72A2599C600D47DF2 /* LaunchScreen.storyboard in Resources */,
				31272ACD2A259F6B00D47DF2 /* Chivo-Bold.ttf in Resources */,
				31272ACC2A259F6B00D47DF2 /* Chivo-BoldItalic.ttf in Resources */,
				31272AD32A259F6B00D47DF2 /* Chivo-BlackItalic.ttf in Resources */,
				31272AD42A259F6B00D47DF2 /* Chivo-Regular.ttf in Resources */,
				31272AB42A2599C600D47DF2 /* Assets.xcassets in Resources */,
				31272AD22A259F6B00D47DF2 /* Chivo-Light.ttf in Resources */,
				31272ACE2A259F6B00D47DF2 /* Chivo-Black.ttf in Resources */,
				31272ACF2A259F6B00D47DF2 /* Chivo-Italic.ttf in Resources */,
				31272AD02A259F6B00D47DF2 /* OFL.txt in Resources */,
				31272AB22A2599C400D47DF2 /* Main.storyboard in Resources */,
			);
			runOnlyForDeploymentPostprocessing = 0;
		};
/* End PBXResourcesBuildPhase section */

/* Begin PBXSourcesBuildPhase section */
		31272AA32A2599C400D47DF2 /* Sources */ = {
			isa = PBXSourcesBuildPhase;
			buildActionMask = 2147483647;
			files = (
				31272AAF2A2599C400D47DF2 /* ViewController.swift in Sources */,
				31272AAB2A2599C400D47DF2 /* AppDelegate.swift in Sources */,
				31272AFA2A25CA0900D47DF2 /* WelcomeModule.swift in Sources */,
				31272B602A2678E000D47DF2 /* UIViewController.swift in Sources */,
				31272B052A25DD1200D47DF2 /* FormData.swift in Sources */,
				31272B032A25DCDF00D47DF2 /* FormViewModel.swift in Sources */,
				31272AFC2A25CB3B00D47DF2 /* WelcomeViewModel.swift in Sources */,
				31272AC22A259E0000D47DF2 /* WelcomeViewCotroller.swift in Sources */,
				31272AFE2A25CC4A00D47DF2 /* FormModule.swift in Sources */,
				31272AD72A25B07B00D47DF2 /* FormViewCotroller.swift in Sources */,
				31272AAD2A2599C400D47DF2 /* SceneDelegate.swift in Sources */,
			);
			runOnlyForDeploymentPostprocessing = 0;
		};
/* End PBXSourcesBuildPhase section */

/* Begin PBXVariantGroup section */
		31272AB02A2599C400D47DF2 /* Main.storyboard */ = {
			isa = PBXVariantGroup;
			children = (
				31272AB12A2599C400D47DF2 /* Base */,
			);
			name = Main.storyboard;
			sourceTree = "<group>";
		};
		31272AB52A2599C600D47DF2 /* LaunchScreen.storyboard */ = {
			isa = PBXVariantGroup;
			children = (
				31272AB62A2599C600D47DF2 /* Base */,
			);
			name = LaunchScreen.storyboard;
			sourceTree = "<group>";
		};
/* End PBXVariantGroup section */

/* Begin XCBuildConfiguration section */
		31272AB92A2599C600D47DF2 /* Debug */ = {
			isa = XCBuildConfiguration;
			buildSettings = {
				ALWAYS_SEARCH_USER_PATHS = NO;
				CLANG_ANALYZER_NONNULL = YES;
				CLANG_ANALYZER_NUMBER_OBJECT_CONVERSION = YES_AGGRESSIVE;
				CLANG_CXX_LANGUAGE_STANDARD = "gnu++20";
				CLANG_ENABLE_MODULES = YES;
				CLANG_ENABLE_OBJC_ARC = YES;
				CLANG_ENABLE_OBJC_WEAK = YES;
				CLANG_WARN_BLOCK_CAPTURE_AUTORELEASING = YES;
				CLANG_WARN_BOOL_CONVERSION = YES;
				CLANG_WARN_COMMA = YES;
				CLANG_WARN_CONSTANT_CONVERSION = YES;
				CLANG_WARN_DEPRECATED_OBJC_IMPLEMENTATIONS = YES;
				CLANG_WARN_DIRECT_OBJC_ISA_USAGE = YES_ERROR;
				CLANG_WARN_DOCUMENTATION_COMMENTS = YES;
				CLANG_WARN_EMPTY_BODY = YES;
				CLANG_WARN_ENUM_CONVERSION = YES;
				CLANG_WARN_INFINITE_RECURSION = YES;
				CLANG_WARN_INT_CONVERSION = YES;
				CLANG_WARN_NON_LITERAL_NULL_CONVERSION = YES;
				CLANG_WARN_OBJC_IMPLICIT_RETAIN_SELF = YES;
				CLANG_WARN_OBJC_LITERAL_CONVERSION = YES;
				CLANG_WARN_OBJC_ROOT_CLASS = YES_ERROR;
				CLANG_WARN_QUOTED_INCLUDE_IN_FRAMEWORK_HEADER = YES;
				CLANG_WARN_RANGE_LOOP_ANALYSIS = YES;
				CLANG_WARN_STRICT_PROTOTYPES = YES;
				CLANG_WARN_SUSPICIOUS_MOVE = YES;
				CLANG_WARN_UNGUARDED_AVAILABILITY = YES_AGGRESSIVE;
				CLANG_WARN_UNREACHABLE_CODE = YES;
				CLANG_WARN__DUPLICATE_METHOD_MATCH = YES;
				COPY_PHASE_STRIP = NO;
				DEBUG_INFORMATION_FORMAT = dwarf;
				ENABLE_STRICT_OBJC_MSGSEND = YES;
				ENABLE_TESTABILITY = YES;
				GCC_C_LANGUAGE_STANDARD = gnu11;
				GCC_DYNAMIC_NO_PIC = NO;
				GCC_NO_COMMON_BLOCKS = YES;
				GCC_OPTIMIZATION_LEVEL = 0;
				GCC_PREPROCESSOR_DEFINITIONS = (
					"DEBUG=1",
					"$(inherited)",
				);
				GCC_WARN_64_TO_32_BIT_CONVERSION = YES;
				GCC_WARN_ABOUT_RETURN_TYPE = YES_ERROR;
				GCC_WARN_UNDECLARED_SELECTOR = YES;
				GCC_WARN_UNINITIALIZED_AUTOS = YES_AGGRESSIVE;
				GCC_WARN_UNUSED_FUNCTION = YES;
				GCC_WARN_UNUSED_VARIABLE = YES;
				IPHONEOS_DEPLOYMENT_TARGET = 16.1;
				MTL_ENABLE_DEBUG_INFO = INCLUDE_SOURCE;
				MTL_FAST_MATH = YES;
				ONLY_ACTIVE_ARCH = YES;
				SDKROOT = iphoneos;
				SWIFT_ACTIVE_COMPILATION_CONDITIONS = DEBUG;
				SWIFT_OPTIMIZATION_LEVEL = "-Onone";
			};
			name = Debug;
		};
		31272ABA2A2599C600D47DF2 /* Release */ = {
			isa = XCBuildConfiguration;
			buildSettings = {
				ALWAYS_SEARCH_USER_PATHS = NO;
				CLANG_ANALYZER_NONNULL = YES;
				CLANG_ANALYZER_NUMBER_OBJECT_CONVERSION = YES_AGGRESSIVE;
				CLANG_CXX_LANGUAGE_STANDARD = "gnu++20";
				CLANG_ENABLE_MODULES = YES;
				CLANG_ENABLE_OBJC_ARC = YES;
				CLANG_ENABLE_OBJC_WEAK = YES;
				CLANG_WARN_BLOCK_CAPTURE_AUTORELEASING = YES;
				CLANG_WARN_BOOL_CONVERSION = YES;
				CLANG_WARN_COMMA = YES;
				CLANG_WARN_CONSTANT_CONVERSION = YES;
				CLANG_WARN_DEPRECATED_OBJC_IMPLEMENTATIONS = YES;
				CLANG_WARN_DIRECT_OBJC_ISA_USAGE = YES_ERROR;
				CLANG_WARN_DOCUMENTATION_COMMENTS = YES;
				CLANG_WARN_EMPTY_BODY = YES;
				CLANG_WARN_ENUM_CONVERSION = YES;
				CLANG_WARN_INFINITE_RECURSION = YES;
				CLANG_WARN_INT_CONVERSION = YES;
				CLANG_WARN_NON_LITERAL_NULL_CONVERSION = YES;
				CLANG_WARN_OBJC_IMPLICIT_RETAIN_SELF = YES;
				CLANG_WARN_OBJC_LITERAL_CONVERSION = YES;
				CLANG_WARN_OBJC_ROOT_CLASS = YES_ERROR;
				CLANG_WARN_QUOTED_INCLUDE_IN_FRAMEWORK_HEADER = YES;
				CLANG_WARN_RANGE_LOOP_ANALYSIS = YES;
				CLANG_WARN_STRICT_PROTOTYPES = YES;
				CLANG_WARN_SUSPICIOUS_MOVE = YES;
				CLANG_WARN_UNGUARDED_AVAILABILITY = YES_AGGRESSIVE;
				CLANG_WARN_UNREACHABLE_CODE = YES;
				CLANG_WARN__DUPLICATE_METHOD_MATCH = YES;
				COPY_PHASE_STRIP = NO;
				DEBUG_INFORMATION_FORMAT = "dwarf-with-dsym";
				ENABLE_NS_ASSERTIONS = NO;
				ENABLE_STRICT_OBJC_MSGSEND = YES;
				GCC_C_LANGUAGE_STANDARD = gnu11;
				GCC_NO_COMMON_BLOCKS = YES;
				GCC_WARN_64_TO_32_BIT_CONVERSION = YES;
				GCC_WARN_ABOUT_RETURN_TYPE = YES_ERROR;
				GCC_WARN_UNDECLARED_SELECTOR = YES;
				GCC_WARN_UNINITIALIZED_AUTOS = YES_AGGRESSIVE;
				GCC_WARN_UNUSED_FUNCTION = YES;
				GCC_WARN_UNUSED_VARIABLE = YES;
				IPHONEOS_DEPLOYMENT_TARGET = 16.1;
				MTL_ENABLE_DEBUG_INFO = NO;
				MTL_FAST_MATH = YES;
				SDKROOT = iphoneos;
				SWIFT_COMPILATION_MODE = wholemodule;
				SWIFT_OPTIMIZATION_LEVEL = "-O";
				VALIDATE_PRODUCT = YES;
			};
			name = Release;
		};
		31272ABC2A2599C600D47DF2 /* Debug */ = {
			isa = XCBuildConfiguration;
			buildSettings = {
				ASSETCATALOG_COMPILER_APPICON_NAME = AppIcon;
				ASSETCATALOG_COMPILER_GLOBAL_ACCENT_COLOR_NAME = AccentColor;
				CODE_SIGN_STYLE = Automatic;
				CURRENT_PROJECT_VERSION = 1;
				DEVELOPMENT_TEAM = ULMJ729MS3;
				GENERATE_INFOPLIST_FILE = YES;
				INFOPLIST_FILE = StateDataManagemet/Info.plist;
				INFOPLIST_KEY_LSApplicationCategoryType = "";
				INFOPLIST_KEY_UIApplicationSupportsIndirectInputEvents = YES;
				INFOPLIST_KEY_UILaunchStoryboardName = LaunchScreen;
				INFOPLIST_KEY_UIMainStoryboardFile = Main;
				INFOPLIST_KEY_UISupportedInterfaceOrientations_iPad = "UIInterfaceOrientationPortrait UIInterfaceOrientationPortraitUpsideDown UIInterfaceOrientationLandscapeLeft UIInterfaceOrientationLandscapeRight";
				INFOPLIST_KEY_UISupportedInterfaceOrientations_iPhone = "UIInterfaceOrientationPortrait UIInterfaceOrientationLandscapeLeft UIInterfaceOrientationLandscapeRight";
				IPHONEOS_DEPLOYMENT_TARGET = 15.0;
				LD_RUNPATH_SEARCH_PATHS = (
					"$(inherited)",
					"@executable_path/Frameworks",
				);
				MARKETING_VERSION = 1.0;
				PRODUCT_BUNDLE_IDENTIFIER = com.hmt.statedatamanagemet.StateDataManagemet;
				PRODUCT_NAME = "$(TARGET_NAME)";
				SWIFT_EMIT_LOC_STRINGS = YES;
				SWIFT_VERSION = 5.0;
				TARGETED_DEVICE_FAMILY = "1,2";
			};
			name = Debug;
		};
		31272ABD2A2599C600D47DF2 /* Release */ = {
			isa = XCBuildConfiguration;
			buildSettings = {
				ASSETCATALOG_COMPILER_APPICON_NAME = AppIcon;
				ASSETCATALOG_COMPILER_GLOBAL_ACCENT_COLOR_NAME = AccentColor;
				CODE_SIGN_STYLE = Automatic;
				CURRENT_PROJECT_VERSION = 1;
				DEVELOPMENT_TEAM = ULMJ729MS3;
				GENERATE_INFOPLIST_FILE = YES;
				INFOPLIST_FILE = StateDataManagemet/Info.plist;
				INFOPLIST_KEY_LSApplicationCategoryType = "";
				INFOPLIST_KEY_UIApplicationSupportsIndirectInputEvents = YES;
				INFOPLIST_KEY_UILaunchStoryboardName = LaunchScreen;
				INFOPLIST_KEY_UIMainStoryboardFile = Main;
				INFOPLIST_KEY_UISupportedInterfaceOrientations_iPad = "UIInterfaceOrientationPortrait UIInterfaceOrientationPortraitUpsideDown UIInterfaceOrientationLandscapeLeft UIInterfaceOrientationLandscapeRight";
				INFOPLIST_KEY_UISupportedInterfaceOrientations_iPhone = "UIInterfaceOrientationPortrait UIInterfaceOrientationLandscapeLeft UIInterfaceOrientationLandscapeRight";
				IPHONEOS_DEPLOYMENT_TARGET = 15.0;
				LD_RUNPATH_SEARCH_PATHS = (
					"$(inherited)",
					"@executable_path/Frameworks",
				);
				MARKETING_VERSION = 1.0;
				PRODUCT_BUNDLE_IDENTIFIER = com.hmt.statedatamanagemet.StateDataManagemet;
				PRODUCT_NAME = "$(TARGET_NAME)";
				SWIFT_EMIT_LOC_STRINGS = YES;
				SWIFT_VERSION = 5.0;
				TARGETED_DEVICE_FAMILY = "1,2";
			};
			name = Release;
		};
/* End XCBuildConfiguration section */

/* Begin XCConfigurationList section */
		31272AA22A2599C400D47DF2 /* Build configuration list for PBXProject "StateDataManagemet" */ = {
			isa = XCConfigurationList;
			buildConfigurations = (
				31272AB92A2599C600D47DF2 /* Debug */,
				31272ABA2A2599C600D47DF2 /* Release */,
			);
			defaultConfigurationIsVisible = 0;
			defaultConfigurationName = Release;
		};
		31272ABB2A2599C600D47DF2 /* Build configuration list for PBXNativeTarget "StateDataManagemet" */ = {
			isa = XCConfigurationList;
			buildConfigurations = (
				31272ABC2A2599C600D47DF2 /* Debug */,
				31272ABD2A2599C600D47DF2 /* Release */,
			);
			defaultConfigurationIsVisible = 0;
			defaultConfigurationName = Release;
		};
/* End XCConfigurationList section */

/* Begin XCRemoteSwiftPackageReference section */
		31272B612A267D9700D47DF2 /* XCRemoteSwiftPackageReference "CryptoSwift" */ = {
			isa = XCRemoteSwiftPackageReference;
			repositoryURL = "https://github.com/krzyzanowskim/CryptoSwift.git";
			requirement = {
				branch = main;
				kind = branch;
			};
		};
/* End XCRemoteSwiftPackageReference section */

/* Begin XCSwiftPackageProductDependency section */
		31272B622A267D9700D47DF2 /* CryptoSwift */ = {
			isa = XCSwiftPackageProductDependency;
			package = 31272B612A267D9700D47DF2 /* XCRemoteSwiftPackageReference "CryptoSwift" */;
			productName = CryptoSwift;
		};
/* End XCSwiftPackageProductDependency section */
	};
	rootObject = 31272A9F2A2599C400D47DF2 /* Project object */;
}
